
Microsoft Visual Studio Solution File, Format Version 9.00
# Visual C++ Express 2005
Project("{8BC9CEB8-8B4A-11D0-8D11-00A0C91BC942}") = "cstyx", "cstyx.vcproj", "{3C3A0E1D-8826-4F90-946C-63C57B7E78EE}"
	ProjectSection(ProjectDependencies) = postProject
		{0C964000-6823-4EDC-A743-6ED7D073042F} = {0C964000-6823-4EDC-A743-6ED7D073042F}
	EndProjectSection
EndProject
Project("{8BC9CEB8-8B4A-11D0-8D11-00A0C91BC942}") = "estest", "..\estyx\estest\estest.vcproj", "{0C964000-6823-4EDC-A743-6ED7D073042F}"
EndProject
Global
	GlobalSection(SolutionConfigurationPlatforms) = preSolution
		Debug DLL|Win32 = Debug DLL|Win32
		Debug|Win32 = Debug|Win32
		Release|Win32 = Release|Win32
	EndGlobalSection
	GlobalSection(ProjectConfigurationPlatforms) = postSolution
		{3C3A0E1D-8826-4F90-946C-63C57B7E78EE}.Debug DLL|Win32.ActiveCfg = Debug DLL|Win32
		{3C3A0E1D-8826-4F90-946C-63C57B7E78EE}.Debug DLL|Win32.Build.0 = Debug DLL|Win32
		{3C3A0E1D-8826-4F90-946C-63C57B7E78EE}.Debug|Win32.ActiveCfg = Debug|Win32
		{3C3A0E1D-8826-4F90-946C-63C57B7E78EE}.Debug|Win32.Build.0 = Debug|Win32
		{3C3A0E1D-8826-4F90-946C-63C57B7E78EE}.Release|Win32.ActiveCfg = Release|Win32
		{3C3A0E1D-8826-4F90-946C-63C57B7E78EE}.Release|Win32.Build.0 = Release|Win32
		{0C964000-6823-4EDC-A743-6ED7D073042F}.Debug DLL|Win32.ActiveCfg = Debug DLL|Win32
		{0C964000-6823-4EDC-A743-6ED7D073042F}.Debug DLL|Win32.Build.0 = Debug DLL|Win32
		{0C964000-6823-4EDC-A743-6ED7D073042F}.Debug|Win32.ActiveCfg = Debug|Win32
		{0C964000-6823-4EDC-A743-6ED7D073042F}.Debug|Win32.Build.0 = Debug|Win32
		{0C964000-6823-4EDC-A743-6ED7D073042F}.Release|Win32.ActiveCfg = Release|Win32
		{0C964000-6823-4EDC-A743-6ED7D073042F}.Release|Win32.Build.0 = Release|Win32
	EndGlobalSection
	GlobalSection(SolutionProperties) = preSolution
		HideSolutionNode = FALSE
	EndGlobalSection
EndGlobal
